
Microsoft Visual Studio Solution File, Format Version 12.00
# Visual Studio Version 16
VisualStudioVersion = 16.0.31205.134
MinimumVisualStudioVersion = 10.0.40219.1
Project("{FAE04EC0-301F-11D3-BF4B-00C04F79EFBC}") = "Pythagoras", "Pythagoras\Pythagoras.csproj", "{B74D8BE0-B1AC-4F67-A3AE-408063F31215}"
EndProject
Project("{FAE04EC0-301F-11D3-BF4B-00C04F79EFBC}") = "PythagorasTest", "PythagorasTest\PythagorasTest.csproj", "{F0725EA7-0081-4B27-BA89-948684A592E3}"
EndProject
Global
	GlobalSection(SolutionConfigurationPlatforms) = preSolution
		Debug|Any CPU = Debug|Any CPU
		Release|Any CPU = Release|Any CPU
	EndGlobalSection
	GlobalSection(ProjectConfigurationPlatforms) = postSolution
		{B74D8BE0-B1AC-4F67-A3AE-408063F31215}.Debug|Any CPU.ActiveCfg = Debug|Any CPU
		{B74D8BE0-B1AC-4F67-A3AE-408063F31215}.Debug|Any CPU.Build.0 = Debug|Any CPU
		{B74D8BE0-B1AC-4F67-A3AE-408063F31215}.Release|Any CPU.ActiveCfg = Release|Any CPU
		{B74D8BE0-B1AC-4F67-A3AE-408063F31215}.Release|Any CPU.Build.0 = Release|Any CPU
		{F0725EA7-0081-4B27-BA89-948684A592E3}.Debug|Any CPU.ActiveCfg = Debug|Any CPU
		{F0725EA7-0081-4B27-BA89-948684A592E3}.Debug|Any CPU.Build.0 = Debug|Any CPU
		{F0725EA7-0081-4B27-BA89-948684A592E3}.Release|Any CPU.ActiveCfg = Release|Any CPU
		{F0725EA7-0081-4B27-BA89-948684A592E3}.Release|Any CPU.Build.0 = Release|Any CPU
	EndGlobalSection
	GlobalSection(SolutionProperties) = preSolution
		HideSolutionNode = FALSE
	EndGlobalSection
	GlobalSection(ExtensibilityGlobals) = postSolution
		SolutionGuid = {FD74B051-57CF-4A04-BC4A-9F320CD6E9D0}
	EndGlobalSection
EndGlobal
